golang.org/x/exp v0.0.0-20220706164943-b4a6d9510983 h1:sUweFwmLOje8KNfXAVqGGAsmgJ/F8jJ6wBLJDt4BTKY=
golang.org/x/exp v0.0.0-20220706164943-b4a6d9510983/go.mod h1:Kr81I6Kryrl9sr8s2FK3vxD90NdsKWRuOIl2O4CvYbA=
golang.org/x/text v0.11.0 h1:LAntKIrcmeSKERyiOh0XMV39LXS8IE9UL2yP7+f5ij4=
golang.org/x/text v0.11.0/go.mod h1:TvPlkZtksWOMsz7fbANvkp4WM8x/WCo/om8BMLbz+aE=
